lockVersion: 2.0.0
id: 188da4b7-9881-4ae0-a213-c32e68b13c57
management:
  docChecksum: 8d35dd6ab93b9df360a2a7f339e90d56
  docVersion: 0.1.0
  speakeasyVersion: 1.634.2
  generationVersion: 2.721.3
  releaseVersion: 0.3.4
  configChecksum: 2a3cb1e531fa44dc66ea765354234bd1
  repoURL: https://github.com/steuerboard/steuerboard-mcp-typescript.git
  published: true
features:
  mcp-typescript:
    additionalDependencies: 0.1.0
    constsAndDefaults: 0.1.0
    core: 0.5.0
    defaultEnabledRetries: 0.1.0
    enumUnions: 0.1.0
    globalSecurity: 0.1.1
    globalSecurityCallbacks: 0.0.0
    globalServerURLs: 0.1.0
    nullables: 0.1.0
    responseFormat: 0.1.0
    retries: 0.1.0
    sdkHooks: 0.2.0
    unions: 0.2.0
generatedFiles:
  - .dxtignore
  - .gitattributes
  - .npmignore
  - eslint.config.mjs
  - manifest.json
  - package.json
  - src/cloudflare-worker/cloudflare-worker.ts
  - src/cloudflare-worker/landing-page.ts
  - src/core.ts
  - src/funcs/adminClientsCreateClient.ts
  - src/funcs/adminClientsGetClient.ts
  - src/funcs/adminClientsListClients.ts
  - src/funcs/adminClientsUpdateClient.ts
  - src/funcs/adminUsersDeleteAccountantUser.ts
  - src/funcs/adminUsersGetAccountantUser.ts
  - src/funcs/adminUsersInviteAccountantUser.ts
  - src/funcs/adminUsersListAccountantUsers.ts
  - src/funcs/adminUsersUpdateAccountantUser.ts
  - src/funcs/authMe.ts
  - src/funcs/filesCreateFile.ts
  - src/funcs/filesDeleteFile.ts
  - src/funcs/filesGetFile.ts
  - src/funcs/filesListFiles.ts
  - src/funcs/filesUpdateFile.ts
  - src/funcs/healthHealth.ts
  - src/funcs/healthIndex.ts
  - src/funcs/healthPing.ts
  - src/funcs/tasksCreateTask.ts
  - src/funcs/tasksDeleteTask.ts
  - src/funcs/tasksGetTask.ts
  - src/funcs/tasksListTasks.ts
  - src/funcs/tasksUpdateTask.ts
  - src/funcs/usersDeleteUser.ts
  - src/funcs/usersGetUser.ts
  - src/funcs/usersInviteUser.ts
  - src/funcs/usersListUsers.ts
  - src/funcs/usersUpdateUser.ts
  - src/funcs/workspaceMembersCreateWorkspaceMember.ts
  - src/funcs/workspaceMembersListWorkspaceMembers.ts
  - src/funcs/workspaceMembersRemoveWorkspaceMember.ts
  - src/funcs/workspacesCreateWorkspace.ts
  - src/funcs/workspacesGetWorkspace.ts
  - src/funcs/workspacesListWorkspaces.ts
  - src/funcs/workspacesUpdateWorkspace.ts
  - src/hooks/hooks.ts
  - src/hooks/types.ts
  - src/lib/base64.ts
  - src/lib/config.ts
  - src/lib/dlv.ts
  - src/lib/encodings.ts
  - src/lib/env.ts
  - src/lib/files.ts
  - src/lib/http.ts
  - src/lib/is-plain-object.ts
  - src/lib/logger.ts
  - src/lib/matchers.ts
  - src/lib/primitives.ts
  - src/lib/result.ts
  - src/lib/retries.ts
  - src/lib/schemas.ts
  - src/lib/sdks.ts
  - src/lib/security.ts
  - src/lib/url.ts
  - src/mcp-server/build.mts
  - src/mcp-server/cli.ts
  - src/mcp-server/cli/start/command.ts
  - src/mcp-server/cli/start/impl.ts
  - src/mcp-server/console-logger.ts
  - src/mcp-server/extensions.ts
  - src/mcp-server/mcp-server.ts
  - src/mcp-server/prompts.ts
  - src/mcp-server/resources.ts
  - src/mcp-server/scopes.ts
  - src/mcp-server/server.ts
  - src/mcp-server/shared.ts
  - src/mcp-server/tools.ts
  - src/mcp-server/tools/adminClientsCreateClient.ts
  - src/mcp-server/tools/adminClientsGetClient.ts
  - src/mcp-server/tools/adminClientsListClients.ts
  - src/mcp-server/tools/adminClientsUpdateClient.ts
  - src/mcp-server/tools/adminUsersDeleteAccountantUser.ts
  - src/mcp-server/tools/adminUsersGetAccountantUser.ts
  - src/mcp-server/tools/adminUsersInviteAccountantUser.ts
  - src/mcp-server/tools/adminUsersListAccountantUsers.ts
  - src/mcp-server/tools/adminUsersUpdateAccountantUser.ts
  - src/mcp-server/tools/authMe.ts
  - src/mcp-server/tools/filesCreateFile.ts
  - src/mcp-server/tools/filesDeleteFile.ts
  - src/mcp-server/tools/filesGetFile.ts
  - src/mcp-server/tools/filesListFiles.ts
  - src/mcp-server/tools/filesUpdateFile.ts
  - src/mcp-server/tools/healthHealth.ts
  - src/mcp-server/tools/healthIndex.ts
  - src/mcp-server/tools/healthPing.ts
  - src/mcp-server/tools/tasksCreateTask.ts
  - src/mcp-server/tools/tasksDeleteTask.ts
  - src/mcp-server/tools/tasksGetTask.ts
  - src/mcp-server/tools/tasksListTasks.ts
  - src/mcp-server/tools/tasksUpdateTask.ts
  - src/mcp-server/tools/usersDeleteUser.ts
  - src/mcp-server/tools/usersGetUser.ts
  - src/mcp-server/tools/usersInviteUser.ts
  - src/mcp-server/tools/usersListUsers.ts
  - src/mcp-server/tools/usersUpdateUser.ts
  - src/mcp-server/tools/workspaceMembersCreateWorkspaceMember.ts
  - src/mcp-server/tools/workspaceMembersListWorkspaceMembers.ts
  - src/mcp-server/tools/workspaceMembersRemoveWorkspaceMember.ts
  - src/mcp-server/tools/workspacesCreateWorkspace.ts
  - src/mcp-server/tools/workspacesGetWorkspace.ts
  - src/mcp-server/tools/workspacesListWorkspaces.ts
  - src/mcp-server/tools/workspacesUpdateWorkspace.ts
  - src/models/accountantuser.ts
  - src/models/accountantuserrole.ts
  - src/models/autherror.ts
  - src/models/badrequest.ts
  - src/models/client.ts
  - src/models/clientcreate.ts
  - src/models/clientupdate.ts
  - src/models/clientuser.ts
  - src/models/clientuserinvite.ts
  - src/models/clientuserupdate.ts
  - src/models/conflict.ts
  - src/models/createclientop.ts
  - src/models/createfileop.ts
  - src/models/createtaskop.ts
  - src/models/createworkspacememberop.ts
  - src/models/createworkspaceop.ts
  - src/models/deleteaccountantuserop.ts
  - src/models/deletefileop.ts
  - src/models/deleteresponse.ts
  - src/models/deletetaskop.ts
  - src/models/deleteuserop.ts
  - src/models/errors/apierror.ts
  - src/models/errors/httpclienterrors.ts
  - src/models/errors/sdkvalidationerror.ts
  - src/models/file.ts
  - src/models/filecreate.ts
  - src/models/fileupdate.ts
  - src/models/getaccountantuserop.ts
  - src/models/getclientop.ts
  - src/models/getfileop.ts
  - src/models/gettaskop.ts
  - src/models/getuserop.ts
  - src/models/getworkspaceop.ts
  - src/models/healthop.ts
  - src/models/indexop.ts
  - src/models/inviteaccountantuser.ts
  - src/models/inviteaccountantuserop.ts
  - src/models/inviteuserop.ts
  - src/models/listaccountantusersop.ts
  - src/models/listclientsop.ts
  - src/models/listfilesop.ts
  - src/models/listtasksop.ts
  - src/models/listusersop.ts
  - src/models/listworkspacemembersop.ts
  - src/models/listworkspacesop.ts
  - src/models/meop.ts
  - src/models/notfound.ts
  - src/models/paginatedclients.ts
  - src/models/paginatedfiles.ts
  - src/models/paginatedtasks.ts
  - src/models/paginatedusers.ts
  - src/models/paginatedworkspaces.ts
  - src/models/pagination.ts
  - src/models/pingop.ts
  - src/models/ratelimit.ts
  - src/models/removeworkspacememberop.ts
  - src/models/security.ts
  - src/models/task.ts
  - src/models/taskcreate.ts
  - src/models/taskupdate.ts
  - src/models/updateaccountantuser.ts
  - src/models/updateaccountantuserop.ts
  - src/models/updateclientop.ts
  - src/models/updatefileop.ts
  - src/models/updatetaskop.ts
  - src/models/updateuserop.ts
  - src/models/updateworkspaceop.ts
  - src/models/workspace.ts
  - src/models/workspacecreate.ts
  - src/models/workspacemember.ts
  - src/models/workspacemembercreate.ts
  - src/models/workspacememberremove.ts
  - src/models/workspaceupdate.ts
  - src/types/async.ts
  - src/types/blobs.ts
  - src/types/enums.ts
  - src/types/fp.ts
  - src/types/rfcdate.ts
  - src/types/streams.ts
  - tsconfig.json
  - worker-configuration.d.ts
  - worker-configuration.ts
  - wrangler.toml
examplesVersion: 1.0.2
releaseNotes: "## Mcp-typescript SDK Changes Detected:\n* `Steuerboard.health.health()`: **Added**\n* `Steuerboard.tasks.createTask()`: \n  *  `request.TaskCreate.parentId` **Added**\n"
trackedFiles:
  .dxtignore:
    last_write_checksum: sha1:0cbab1b303d9060f6324f6a9cddabe13c2cfa7c9
  .gitattributes:
    last_write_checksum: sha1:26d16d8297b104945139da8c25bd38feeaad3e25
  .npmignore:
    last_write_checksum: sha1:31ba03a712796b133695c4c410504b6824e09506
  eslint.config.mjs:
    last_write_checksum: sha1:576025302d3d8650f37276bc9075f6ade3842cc7
  manifest.json:
    last_write_checksum: sha1:c0215a78c2eb762cebe30b85b44274b4db43ca63
  package.json:
    last_write_checksum: sha1:2c5e320d490630f40cdd05a96d575f32751d56d3
  src/cloudflare-worker/cloudflare-worker.ts:
    last_write_checksum: sha1:209ae49941a9d356168be7e8aed4fe5d9356898a
  src/cloudflare-worker/landing-page.ts:
    last_write_checksum: sha1:6b65c133d642467178909e8db7dab9108c83b9a8
  src/core.ts:
    last_write_checksum: sha1:c5c00965f6963f05230e18c2c94c86a8ca77c9e0
  src/funcs/adminClientsCreateClient.ts:
    last_write_checksum: sha1:5dc402bdb44bdc8aa4b04eec1d92b7c43b23d0b6
  src/funcs/adminClientsGetClient.ts:
    last_write_checksum: sha1:dfbd4f24e4483c6729c7030342b3061544acd974
  src/funcs/adminClientsListClients.ts:
    last_write_checksum: sha1:75b2d712fca939d04118888e589952e734fd7071
  src/funcs/adminClientsUpdateClient.ts:
    last_write_checksum: sha1:4051c5ea9a0f44465732f335abfbb4065cdbae7d
  src/funcs/adminUsersDeleteAccountantUser.ts:
    last_write_checksum: sha1:32c1f77e605b77732bcb0c71410190aea4856b87
  src/funcs/adminUsersGetAccountantUser.ts:
    last_write_checksum: sha1:947c581a0d6cf2b58775d31b50dd57d2f298f5cb
  src/funcs/adminUsersInviteAccountantUser.ts:
    last_write_checksum: sha1:295f3d66e975d4f37d2d446199be20f6e25a2667
  src/funcs/adminUsersListAccountantUsers.ts:
    last_write_checksum: sha1:88268dcb8baac00dd2f13ede8bfd634add5de613
  src/funcs/adminUsersUpdateAccountantUser.ts:
    last_write_checksum: sha1:6596d5f44486191d7018bf61f846b1f788813d93
  src/funcs/authMe.ts:
    last_write_checksum: sha1:6c0b2dd360e8a0fe1b21cc2437af3972295a2742
  src/funcs/filesCreateFile.ts:
    last_write_checksum: sha1:0895507c39ce41e60ee4458d48cc8538e920d5de
  src/funcs/filesDeleteFile.ts:
    last_write_checksum: sha1:283e894508fd8080127da4d8011fa0011c0011f7
  src/funcs/filesGetFile.ts:
    last_write_checksum: sha1:4b306fed146b315bdbe5b4a5c8e7ba66d70d3a8d
  src/funcs/filesListFiles.ts:
    last_write_checksum: sha1:7641fd710e1d729745c9ebca46b2e5da3b7c185e
  src/funcs/filesUpdateFile.ts:
    last_write_checksum: sha1:9a4681ad37c9f606a6bfd86f7fb66c357282327c
  src/funcs/healthHealth.ts:
    last_write_checksum: sha1:c361bd17be49726a0fe0d1c13e17428af23a6bc6
  src/funcs/healthIndex.ts:
    last_write_checksum: sha1:6a86ee442c37b820bf2af330231ff8e1460c8ad2
  src/funcs/healthPing.ts:
    last_write_checksum: sha1:4bb36ed2ade18a78d06d19582c7b615a38b75c0f
  src/funcs/tasksCreateTask.ts:
    last_write_checksum: sha1:641bd148f0a8ed25eba97b14e0a1d5fa94eeef2f
  src/funcs/tasksDeleteTask.ts:
    last_write_checksum: sha1:9eff21d660c48c1088d6546dc10d327658d53c4d
  src/funcs/tasksGetTask.ts:
    last_write_checksum: sha1:9aaa11e2a28acc10554de4a674119ec65acd2b32
  src/funcs/tasksListTasks.ts:
    last_write_checksum: sha1:816152669510d0c9584dc55feaf9de3081ff5f58
  src/funcs/tasksUpdateTask.ts:
    last_write_checksum: sha1:091bd99ee485f70ead326afb754e82c0c806f072
  src/funcs/usersDeleteUser.ts:
    last_write_checksum: sha1:56d6c22198a7d2eb75a2400ffa11b2a410bbee26
  src/funcs/usersGetUser.ts:
    last_write_checksum: sha1:702d8b418163eca3e17fa93f77afcb9a5dec1eea
  src/funcs/usersInviteUser.ts:
    last_write_checksum: sha1:b8cb8470fd38c2fe26a6e06955943d3dafd0c1e3
  src/funcs/usersListUsers.ts:
    last_write_checksum: sha1:1fdf97e0ee1439123224b6e04c1e66fbcaaed932
  src/funcs/usersUpdateUser.ts:
    last_write_checksum: sha1:b80cd7b726572bccc83fd9f614ff54a0f90cefcc
  src/funcs/workspaceMembersCreateWorkspaceMember.ts:
    last_write_checksum: sha1:26f4b66065d143ab36207c88f22af0620b494a04
  src/funcs/workspaceMembersListWorkspaceMembers.ts:
    last_write_checksum: sha1:e18f1da8d4f69d1f2751b735413fdca97a931b4a
  src/funcs/workspaceMembersRemoveWorkspaceMember.ts:
    last_write_checksum: sha1:76fe7665c524cab8380cb451443b5301b3ff412b
  src/funcs/workspacesCreateWorkspace.ts:
    last_write_checksum: sha1:9776a02314003bb8b5b1699d6cc72fa15952e9b2
  src/funcs/workspacesGetWorkspace.ts:
    last_write_checksum: sha1:f4dcfd78ba38f3f85b2473637e29a0fd55489f8f
  src/funcs/workspacesListWorkspaces.ts:
    last_write_checksum: sha1:9d32eba5d780c93283fdac125b6f25cd2312e905
  src/funcs/workspacesUpdateWorkspace.ts:
    last_write_checksum: sha1:3dff2a1f598ade67e45e16dc3c7261bc923a52f5
  src/hooks/hooks.ts:
    last_write_checksum: sha1:141e45a4b047589e6ec69eef5da26fab909f44e9
  src/hooks/types.ts:
    last_write_checksum: sha1:27a3444c4839bec58ae89820fd8c2483edafc3f4
  src/lib/base64.ts:
    last_write_checksum: sha1:e9f04a037018040361043104960982f7c22db52d
  src/lib/config.ts:
    last_write_checksum: sha1:90792625ee10e4e5ab5c7a457166a77dd43d027c
  src/lib/dlv.ts:
    last_write_checksum: sha1:1dd3e3fbb4550c4bf31f5ef997faff355d6f3250
  src/lib/encodings.ts:
    last_write_checksum: sha1:ecc418096148bd0a91ca92fd5cd732d7e01e806b
  src/lib/env.ts:
    last_write_checksum: sha1:f8f709e618d4e168a7ba3ec8c350c1e194d4bb17
  src/lib/files.ts:
    last_write_checksum: sha1:d0f325f445b8d22e7d73baf052c585ec2dd24841
  src/lib/http.ts:
    last_write_checksum: sha1:797cbf16d3c7c4d62d3ba0eedb08617524938457
  src/lib/is-plain-object.ts:
    last_write_checksum: sha1:df687f25a9590b6fd95d39df41a652ae3fd4e517
  src/lib/logger.ts:
    last_write_checksum: sha1:0ec9d3a2a34c362746b767e4f9a746c055d57a7b
  src/lib/matchers.ts:
    last_write_checksum: sha1:595f63f2a10c6999a616521fa8d00768dd9ff09e
  src/lib/primitives.ts:
    last_write_checksum: sha1:d5fbb4e2feef5747fc8071046bdd4122c87bd066
  src/lib/result.ts:
    last_write_checksum: sha1:d24994d58f37a1ca106847fcc6d2e976c6f1c093
  src/lib/retries.ts:
    last_write_checksum: sha1:f3da74dffcbe2756c69393f8600205aa1dc06e68
  src/lib/schemas.ts:
    last_write_checksum: sha1:7c7ba40781682f6d44bb585b5016e2527b52660e
  src/lib/sdks.ts:
    last_write_checksum: sha1:3bec6dee6076aba1d21718b602c7d278b60c3623
  src/lib/security.ts:
    last_write_checksum: sha1:c8f1102b9b684e785558066ed61ee4d9ba492bbe
  src/lib/url.ts:
    last_write_checksum: sha1:9550819577dc1e514e61496167aefcc137238aaf
  src/mcp-server/build.mts:
    last_write_checksum: sha1:eafc736b2538aa26fbdb18cb4e10b6ad35daa492
  src/mcp-server/cli.ts:
    last_write_checksum: sha1:7331efddde881832342fa8779d23be7445d4480c
  src/mcp-server/cli/start/command.ts:
    last_write_checksum: sha1:22b268186484d06a4b8a2f5b3d251bd124c74645
  src/mcp-server/cli/start/impl.ts:
    last_write_checksum: sha1:49c37c94c761000ff8c50fe6edd92fe0cf22ffcf
  src/mcp-server/console-logger.ts:
    last_write_checksum: sha1:0c4b9b7c79ad0a81359210cb31b9ee4d887d5de1
  src/mcp-server/extensions.ts:
    last_write_checksum: sha1:27de1e2b8aaedc8965d1d4c4d4c500df1f28b483
  src/mcp-server/mcp-server.ts:
    last_write_checksum: sha1:b4bd3b2b3bddb32d07cdc57ef631e03afe71d90b
  src/mcp-server/prompts.ts:
    last_write_checksum: sha1:b5db7820d4a2782a49c031f6692cfdb6a126f394
  src/mcp-server/resources.ts:
    last_write_checksum: sha1:3b2776b8ce52a1b295484d2cf96c8997af841357
  src/mcp-server/scopes.ts:
    last_write_checksum: sha1:77d0eb95785e84f9fd0b27c4612f8c6470489fe4
  src/mcp-server/server.ts:
    last_write_checksum: sha1:1f1cacff75b15a679f5a6f3b184257999998b11c
  src/mcp-server/shared.ts:
    last_write_checksum: sha1:19c9034032819a14f15c430de4350c8aba99d725
  src/mcp-server/tools.ts:
    last_write_checksum: sha1:fb481e893fd59ee21b7a321f17bdabd88139743b
  src/mcp-server/tools/adminClientsCreateClient.ts:
    last_write_checksum: sha1:6e1d4b57a3925174757f14cdd546684bfcd7a479
  src/mcp-server/tools/adminClientsGetClient.ts:
    last_write_checksum: sha1:8f4abf4517c30ebac2d5f6c526a5418d94a05fb5
  src/mcp-server/tools/adminClientsListClients.ts:
    last_write_checksum: sha1:898fc04ed4e4cc5d646c597e123d037b6111db2f
  src/mcp-server/tools/adminClientsUpdateClient.ts:
    last_write_checksum: sha1:7d69afa5eeee0f354aaf1eb83045da1534b10ca9
  src/mcp-server/tools/adminUsersDeleteAccountantUser.ts:
    last_write_checksum: sha1:6e350f3174468db74b408047bdf8f368c2bc3573
  src/mcp-server/tools/adminUsersGetAccountantUser.ts:
    last_write_checksum: sha1:4948c4c65918c786ef6786c75cabe8ee722c5c33
  src/mcp-server/tools/adminUsersInviteAccountantUser.ts:
    last_write_checksum: sha1:fe513642dd496c79244596371c43a2630e4ee0a4
  src/mcp-server/tools/adminUsersListAccountantUsers.ts:
    last_write_checksum: sha1:1e3b2900daae8625b44769a2e388c0b6472d6e88
  src/mcp-server/tools/adminUsersUpdateAccountantUser.ts:
    last_write_checksum: sha1:8a156f6173108b1fa1a746453896cbab87339cef
  src/mcp-server/tools/authMe.ts:
    last_write_checksum: sha1:06029b2830cbb6f11a7b06ef62e5cad7b36feba0
  src/mcp-server/tools/filesCreateFile.ts:
    last_write_checksum: sha1:ced088be89ebdd8623c263c2f592bec2d47133a6
  src/mcp-server/tools/filesDeleteFile.ts:
    last_write_checksum: sha1:e4a9b3b7c8b32ae2acb482836ac39abc477e1be2
  src/mcp-server/tools/filesGetFile.ts:
    last_write_checksum: sha1:2761db4bf1f6f23246307002dae8c796373b43b9
  src/mcp-server/tools/filesListFiles.ts:
    last_write_checksum: sha1:553b746bc04428229129244fcedbc432cbc2bc93
  src/mcp-server/tools/filesUpdateFile.ts:
    last_write_checksum: sha1:c44defac345011861c382109f7b4939a05c6c53d
  src/mcp-server/tools/healthHealth.ts:
    last_write_checksum: sha1:81a8e74ccd3e870606034e403c1a9b1333459fb2
  src/mcp-server/tools/healthIndex.ts:
    last_write_checksum: sha1:2aeb9bcc7b3ffc48b51e5540ad44a2a73887fc10
  src/mcp-server/tools/healthPing.ts:
    last_write_checksum: sha1:21d9f18548527593816e980e51c68e84cdf01f67
  src/mcp-server/tools/tasksCreateTask.ts:
    last_write_checksum: sha1:69624a9e9e3b14afd02b59176ada50494e490b04
  src/mcp-server/tools/tasksDeleteTask.ts:
    last_write_checksum: sha1:5f0fdaee56f22cf0fbe1bfd314fe8378371f4aae
  src/mcp-server/tools/tasksGetTask.ts:
    last_write_checksum: sha1:d46af270931fcfbdbd75120a863b723b73668640
  src/mcp-server/tools/tasksListTasks.ts:
    last_write_checksum: sha1:a73b7b200dc8409da08f5393fecb4e8a5632e7a2
  src/mcp-server/tools/tasksUpdateTask.ts:
    last_write_checksum: sha1:e34a509f47bacb39e479ce086ac90020eca98815
  src/mcp-server/tools/usersDeleteUser.ts:
    last_write_checksum: sha1:642d4090c26d5babc52e6dc91f765624fa558161
  src/mcp-server/tools/usersGetUser.ts:
    last_write_checksum: sha1:005b888b042499927a135ee9ae4f5117116c1c1f
  src/mcp-server/tools/usersInviteUser.ts:
    last_write_checksum: sha1:5240e9be0e0f41e4314f5ce9533d4d9cf195b848
  src/mcp-server/tools/usersListUsers.ts:
    last_write_checksum: sha1:e08eb364aab65508209c4f46b4a6d65adb2693f8
  src/mcp-server/tools/usersUpdateUser.ts:
    last_write_checksum: sha1:7f9c3d2992139cd7bfac605577a360e7b28289e6
  src/mcp-server/tools/workspaceMembersCreateWorkspaceMember.ts:
    last_write_checksum: sha1:6b0ca343074c1fddfb19ba49041b6619e238a675
  src/mcp-server/tools/workspaceMembersListWorkspaceMembers.ts:
    last_write_checksum: sha1:19f5dee5d096ded21c64ee7a57466ae3230c9f2e
  src/mcp-server/tools/workspaceMembersRemoveWorkspaceMember.ts:
    last_write_checksum: sha1:79603f2368c690cb5f2ed6bf4b496a50ef234d7c
  src/mcp-server/tools/workspacesCreateWorkspace.ts:
    last_write_checksum: sha1:d62fcc7ccfc83af31378d65c0e0753d88e663260
  src/mcp-server/tools/workspacesGetWorkspace.ts:
    last_write_checksum: sha1:02e1b325976b0e9e5493f1838d2c1838294077ef
  src/mcp-server/tools/workspacesListWorkspaces.ts:
    last_write_checksum: sha1:37487db6ecc486fd11d5b8521e17e0d95ea9bd9c
  src/mcp-server/tools/workspacesUpdateWorkspace.ts:
    last_write_checksum: sha1:58b61cce212cf1b0595ca95a0b4c222cbc651caf
  src/models/accountantuser.ts:
    last_write_checksum: sha1:f9e3563e3b6ee874a0c41f45819e751945332b92
  src/models/accountantuserrole.ts:
    last_write_checksum: sha1:5d6119b05953f751858e7ee8850ecc3a41897b7d
  src/models/autherror.ts:
    last_write_checksum: sha1:6791816c5edbae29fd72ca4ded89d6a40a1d1db4
  src/models/badrequest.ts:
    last_write_checksum: sha1:d1107d201d5b1b04836d14df066411f8e48049f3
  src/models/client.ts:
    last_write_checksum: sha1:63c5c930e24e265bd5c90397e857342e9ed322ac
  src/models/clientcreate.ts:
    last_write_checksum: sha1:bb940af7282f30ff70d46059178c705d8df17848
  src/models/clientupdate.ts:
    last_write_checksum: sha1:c0d2f09324498a3d933b761e9abd708697523a95
  src/models/clientuser.ts:
    last_write_checksum: sha1:6de598efe5125b1281850f2c5f873c4ac022e161
  src/models/clientuserinvite.ts:
    last_write_checksum: sha1:b6dca3384497f3020111db22447257d4f38e0bc3
  src/models/clientuserupdate.ts:
    last_write_checksum: sha1:2ab1e8fd8322ae0a550fe9b1457bca2e951783cd
  src/models/conflict.ts:
    last_write_checksum: sha1:287e5b2e81e7d07c80b74dfa8e3fbdc04517c106
  src/models/createclientop.ts:
    last_write_checksum: sha1:9098c5ce28bb62b12aaa969443508ad8de21a835
  src/models/createfileop.ts:
    last_write_checksum: sha1:73c4ab957453171de4070f37f09dc8fd8e5a4f62
  src/models/createtaskop.ts:
    last_write_checksum: sha1:671461f793a8f2d7ac383b80c6973c4f96902ef6
  src/models/createworkspacememberop.ts:
    last_write_checksum: sha1:cd1c0332c2fccaa692a9859c1ed48209ec998c99
  src/models/createworkspaceop.ts:
    last_write_checksum: sha1:8077c0391ded790fdd7f1dde654018a111f8721c
  src/models/deleteaccountantuserop.ts:
    last_write_checksum: sha1:f4f0a1035bd4e57b4f3d585aa616772ed521e6eb
  src/models/deletefileop.ts:
    last_write_checksum: sha1:fa46f025ae2cc1dfc5618e3c873c7a06b7f8313b
  src/models/deleteresponse.ts:
    last_write_checksum: sha1:8ee053ed4599836bb5cf1a71846754032a85b2be
  src/models/deletetaskop.ts:
    last_write_checksum: sha1:dd616906f1864a27f926642b6ed283feb4f9ce97
  src/models/deleteuserop.ts:
    last_write_checksum: sha1:f42d0f61695121961fe37e44de2d5f05c0d0ce54
  src/models/errors/apierror.ts:
    last_write_checksum: sha1:1a4199dec47757c19b2e88dbd767d7f24ab9522a
  src/models/errors/httpclienterrors.ts:
    last_write_checksum: sha1:994ced121c54fecd0af038ccfb7855fbfd3868ec
  src/models/errors/sdkvalidationerror.ts:
    last_write_checksum: sha1:ce8bb73a1243f8ea8fa3b71a181e586e29dd02c9
  src/models/file.ts:
    last_write_checksum: sha1:f53be2744b1352e52c4cd659b688f136175d714d
  src/models/filecreate.ts:
    last_write_checksum: sha1:8e29f1e981a2c90586b8d877b371ffe08c507d77
  src/models/fileupdate.ts:
    last_write_checksum: sha1:94c1469f2f8cb47840c114bca790bbad9b61000e
  src/models/getaccountantuserop.ts:
    last_write_checksum: sha1:aeefbaa460aa7a361e3ecf8ba1836c188f35669b
  src/models/getclientop.ts:
    last_write_checksum: sha1:60d27011f92694df767672ce3b6f343cefc28cce
  src/models/getfileop.ts:
    last_write_checksum: sha1:1cffe7542aa6982274eafb6be2602310f3042c1a
  src/models/gettaskop.ts:
    last_write_checksum: sha1:1587b104d2582f438d98b1cac2dcafc96fa31d21
  src/models/getuserop.ts:
    last_write_checksum: sha1:b4a074e8d6851450db9a75a01bef80b73775d19f
  src/models/getworkspaceop.ts:
    last_write_checksum: sha1:6dabfc777150441416eb519fbe578cbffa710d5a
  src/models/healthop.ts:
    last_write_checksum: sha1:642ee1682bb33f0db5c5aa8a764516454cd43f50
  src/models/indexop.ts:
    last_write_checksum: sha1:9e63e58043730cc6f288051a3a67197a97113d1b
  src/models/inviteaccountantuser.ts:
    last_write_checksum: sha1:aec8d50f7f8fa8eee6a8f7ea3fb6c23ea72e6040
  src/models/inviteaccountantuserop.ts:
    last_write_checksum: sha1:64c65eb2e5941e0b85eaffb99ff6b0b7235d2063
  src/models/inviteuserop.ts:
    last_write_checksum: sha1:8850544cb17a7809ad441d4ecee3b067f2a10c7f
  src/models/listaccountantusersop.ts:
    last_write_checksum: sha1:a7976c693a0a09f4a178cde5ada0680efdf403e0
  src/models/listclientsop.ts:
    last_write_checksum: sha1:1967445c07dc536c6fce36e95d3c82794c6254e5
  src/models/listfilesop.ts:
    last_write_checksum: sha1:131682d5a6abf5e6e0fce3a5f6b56471e69d03e6
  src/models/listtasksop.ts:
    last_write_checksum: sha1:78d6a3af57cf719eade77da80de2bb68622cbcb0
  src/models/listusersop.ts:
    last_write_checksum: sha1:11ef14b13b4940a288c264ffa7981878f8e8a880
  src/models/listworkspacemembersop.ts:
    last_write_checksum: sha1:dd51d634c2671a546ea082467d1ca7ca5fad279e
  src/models/listworkspacesop.ts:
    last_write_checksum: sha1:f00b517acf39585d64e3c07a8b1cf93a02a401cf
  src/models/meop.ts:
    last_write_checksum: sha1:e69fcc1d68e8d624c4aea528cb72e0336138bfbb
  src/models/notfound.ts:
    last_write_checksum: sha1:cfa69ccdef32e6c2ed3883503a6b794e33da2e4a
  src/models/paginatedclients.ts:
    last_write_checksum: sha1:f77263f56203766f9e62101e3357003533ffc2bf
  src/models/paginatedfiles.ts:
    last_write_checksum: sha1:b4f12c377fd26100b125fc4874a82e4a3e0947b7
  src/models/paginatedtasks.ts:
    last_write_checksum: sha1:c76a259310105dde7a5dcab802bc822f16d2fc55
  src/models/paginatedusers.ts:
    last_write_checksum: sha1:93e679b9fb7bf98614afb1b7eac7392b8faa15c8
  src/models/paginatedworkspaces.ts:
    last_write_checksum: sha1:b9d643dc126bc7682753ce511f0a4f1cc44000b9
  src/models/pagination.ts:
    last_write_checksum: sha1:064218f768384bc797de97343b89d9a135959a52
  src/models/pingop.ts:
    last_write_checksum: sha1:d43dcaffbe4478a22d91816fdec4dc44a8d45572
  src/models/ratelimit.ts:
    last_write_checksum: sha1:dcf57057ceae42486c4c91f9c759194ea66a8642
  src/models/removeworkspacememberop.ts:
    last_write_checksum: sha1:fb3e63ff859dd1bc6b7eeec92e226aabedfe5c04
  src/models/security.ts:
    last_write_checksum: sha1:c1b8e3bca5eb1dc24eb86c2c385ef8139cdc5cc4
  src/models/task.ts:
    last_write_checksum: sha1:3d8bcf54b73d7202f69d7b1f995df95626944e22
  src/models/taskcreate.ts:
    last_write_checksum: sha1:5e8e82753f722b9d302fd0211b1b8e22c77b9f1b
  src/models/taskupdate.ts:
    last_write_checksum: sha1:18b72139db6b85fa68f60ea0a43d51ed283c106d
  src/models/updateaccountantuser.ts:
    last_write_checksum: sha1:88d2ff3105db06ec3c55be5149698254ca93b4b0
  src/models/updateaccountantuserop.ts:
    last_write_checksum: sha1:9a07d919b41e7e1be0beb94dd0d59d1c478e1816
  src/models/updateclientop.ts:
    last_write_checksum: sha1:1503b7ffe3da55dcb6c5377c381607dde8065da3
  src/models/updatefileop.ts:
    last_write_checksum: sha1:30d530745bc5873e26da4c888fb07fed80249ec4
  src/models/updatetaskop.ts:
    last_write_checksum: sha1:f52544a08fa8efd33fa46840d318d8233ec952a1
  src/models/updateuserop.ts:
    last_write_checksum: sha1:42b630fd4c3b3093b8e2c7cef72bd07ae762ae52
  src/models/updateworkspaceop.ts:
    last_write_checksum: sha1:6874af7c889f9e0b8112cb07cf142a19679bac57
  src/models/workspace.ts:
    last_write_checksum: sha1:ec1e6e5bbe667abf716ec9e1becf590970474d88
  src/models/workspacecreate.ts:
    last_write_checksum: sha1:1fdcca7d54f40ad5ea1af9597a49b745bad1d012
  src/models/workspacemember.ts:
    last_write_checksum: sha1:057e9d060b6e980be423f3c952f4bf1d8ee6caa6
  src/models/workspacemembercreate.ts:
    last_write_checksum: sha1:203b833f78fa4ca9f2e9c00b1c92c2206c44ac11
  src/models/workspacememberremove.ts:
    last_write_checksum: sha1:9200e27975886bdf04a608a0fc8097dce6e7ac84
  src/models/workspaceupdate.ts:
    last_write_checksum: sha1:0d9abac6e46f0fb8cf04e37a87f2cee5faa2a243
  src/types/async.ts:
    last_write_checksum: sha1:3ff07b3feaf390ec1aeb18ff938e139c6c4a9585
  src/types/bigint.ts:
    last_write_checksum: sha1:58178437a7d38f022b5d9bef691ba5539fad4655
  src/types/blobs.ts:
    last_write_checksum: sha1:9cc86e0e9420999afb48d53c57d71584be745fd7
  src/types/enums.ts:
    last_write_checksum: sha1:384e3fc4bee3f006cd8f39556a44b3508597b8e5
  src/types/fp.ts:
    last_write_checksum: sha1:d24994d58f37a1ca106847fcc6d2e976c6f1c093
  src/types/rfcdate.ts:
    last_write_checksum: sha1:8e5f382e02fe21c2f2e24deb1b7bbf8cddd3dd16
  src/types/streams.ts:
    last_write_checksum: sha1:cc9ced2dd34a76c3a1bd7784ccda1cc3b37ab9a9
  tsconfig.json:
    last_write_checksum: sha1:1c4444fe3e9a02b46de9523b7c0aa073776a3fec
  worker-configuration.d.ts:
    last_write_checksum: sha1:b81ef22bbf147612f086758e5ee28665c4d14c9c
  worker-configuration.ts:
    last_write_checksum: sha1:1a6bc8b990b3d4be101f9b2828c829d3c10a451a
  wrangler.toml:
    last_write_checksum: sha1:88285dcda5c856c4af1d2f18f46406fb35f5d44a
