lockVersion: 2.0.0
id: 188da4b7-9881-4ae0-a213-c32e68b13c57
management:
  docChecksum: 54b7ce9006f95c93d0499a137416ba67
  docVersion: 0.1.0
  speakeasyVersion: 1.622.1
  generationVersion: 2.709.0
  releaseVersion: 0.1.0
  configChecksum: 6ba65ba1db2f1ba3e340d5c26ec30fbc
  repoURL: https://github.com/steuerboard/steuerboard-mcp-typescript.git
  published: true
features:
  mcp-typescript:
    additionalDependencies: 0.1.0
    constsAndDefaults: 0.1.0
    core: 0.4.0
    defaultEnabledRetries: 0.1.0
    enumUnions: 0.1.0
    globalSecurity: 0.1.1
    globalSecurityCallbacks: 0.0.0
    globalServerURLs: 0.1.0
    nullables: 0.1.0
    responseFormat: 0.1.0
    retries: 0.1.0
    sdkHooks: 0.2.0
    unions: 0.1.0
    webhooks: 0.0.0
generatedFiles:
  - .dxtignore
  - .gitattributes
  - .npmignore
  - eslint.config.mjs
  - manifest.json
  - package.json
  - src/cloudflare-worker/cloudflare-worker.ts
  - src/cloudflare-worker/landing-page.ts
  - src/core.ts
  - src/funcs/adminClientsCreateClient.ts
  - src/funcs/adminClientsGetClient.ts
  - src/funcs/adminClientsListClients.ts
  - src/funcs/authMe.ts
  - src/funcs/filesCreateFile.ts
  - src/funcs/filesDeleteFile.ts
  - src/funcs/filesGetFile.ts
  - src/funcs/filesListFiles.ts
  - src/funcs/filesUpdateFile.ts
  - src/funcs/healthIndex.ts
  - src/funcs/healthPing.ts
  - src/funcs/tasksCreateTask.ts
  - src/funcs/tasksDeleteTask.ts
  - src/funcs/tasksGetTask.ts
  - src/funcs/tasksListTasks.ts
  - src/funcs/tasksUpdateTask.ts
  - src/funcs/workspacesCreateWorkspace.ts
  - src/funcs/workspacesGetWorkspace.ts
  - src/funcs/workspacesListWorkspaces.ts
  - src/hooks/hooks.ts
  - src/hooks/types.ts
  - src/lib/base64.ts
  - src/lib/config.ts
  - src/lib/dlv.ts
  - src/lib/encodings.ts
  - src/lib/env.ts
  - src/lib/files.ts
  - src/lib/http.ts
  - src/lib/is-plain-object.ts
  - src/lib/logger.ts
  - src/lib/matchers.ts
  - src/lib/primitives.ts
  - src/lib/result.ts
  - src/lib/retries.ts
  - src/lib/schemas.ts
  - src/lib/sdks.ts
  - src/lib/security.ts
  - src/lib/url.ts
  - src/mcp-server/build.mts
  - src/mcp-server/cli.ts
  - src/mcp-server/cli/start/command.ts
  - src/mcp-server/cli/start/impl.ts
  - src/mcp-server/console-logger.ts
  - src/mcp-server/extensions.ts
  - src/mcp-server/mcp-server.ts
  - src/mcp-server/prompts.ts
  - src/mcp-server/resources.ts
  - src/mcp-server/scopes.ts
  - src/mcp-server/server.ts
  - src/mcp-server/shared.ts
  - src/mcp-server/tools.ts
  - src/mcp-server/tools/adminClientsCreateClient.ts
  - src/mcp-server/tools/adminClientsGetClient.ts
  - src/mcp-server/tools/adminClientsListClients.ts
  - src/mcp-server/tools/authMe.ts
  - src/mcp-server/tools/filesCreateFile.ts
  - src/mcp-server/tools/filesDeleteFile.ts
  - src/mcp-server/tools/filesGetFile.ts
  - src/mcp-server/tools/filesListFiles.ts
  - src/mcp-server/tools/filesUpdateFile.ts
  - src/mcp-server/tools/healthIndex.ts
  - src/mcp-server/tools/healthPing.ts
  - src/mcp-server/tools/tasksCreateTask.ts
  - src/mcp-server/tools/tasksDeleteTask.ts
  - src/mcp-server/tools/tasksGetTask.ts
  - src/mcp-server/tools/tasksListTasks.ts
  - src/mcp-server/tools/tasksUpdateTask.ts
  - src/mcp-server/tools/workspacesCreateWorkspace.ts
  - src/mcp-server/tools/workspacesGetWorkspace.ts
  - src/mcp-server/tools/workspacesListWorkspaces.ts
  - src/models/autherror.ts
  - src/models/badrequest.ts
  - src/models/client.ts
  - src/models/clientcreate.ts
  - src/models/createclientop.ts
  - src/models/createfileop.ts
  - src/models/createtaskop.ts
  - src/models/createworkspaceop.ts
  - src/models/deletefileop.ts
  - src/models/deleteresponse.ts
  - src/models/deletetaskop.ts
  - src/models/errors/apierror.ts
  - src/models/errors/httpclienterrors.ts
  - src/models/errors/sdkvalidationerror.ts
  - src/models/file.ts
  - src/models/filecreate.ts
  - src/models/fileupdate.ts
  - src/models/getclientop.ts
  - src/models/getfileop.ts
  - src/models/gettaskop.ts
  - src/models/getworkspaceop.ts
  - src/models/indexop.ts
  - src/models/listclientsop.ts
  - src/models/listfilesop.ts
  - src/models/listtasksop.ts
  - src/models/listworkspacesop.ts
  - src/models/meop.ts
  - src/models/notfound.ts
  - src/models/paginatedclients.ts
  - src/models/paginatedfiles.ts
  - src/models/paginatedtasks.ts
  - src/models/paginatedworkspaces.ts
  - src/models/pagination.ts
  - src/models/pingop.ts
  - src/models/ratelimit.ts
  - src/models/security.ts
  - src/models/task.ts
  - src/models/taskcreate.ts
  - src/models/taskupdate.ts
  - src/models/updatefileop.ts
  - src/models/updatetaskop.ts
  - src/models/webhooksclientchangesop.ts
  - src/models/webhooksfilechangesop.ts
  - src/models/webhooksfilecommentcreatedop.ts
  - src/models/webhookstaskchangesop.ts
  - src/models/webhookstaskcommentcreatedop.ts
  - src/models/webhooksworkspacechangesop.ts
  - src/models/workspace.ts
  - src/models/workspacecreate.ts
  - src/types/async.ts
  - src/types/blobs.ts
  - src/types/enums.ts
  - src/types/fp.ts
  - src/types/rfcdate.ts
  - src/types/streams.ts
  - tsconfig.json
  - worker-configuration.d.ts
  - worker-configuration.ts
  - wrangler.toml
examplesVersion: 1.0.2
