speakeasyVersion: 1.634.2
sources:
    Steuerboard API:
        sourceNamespace: steuerboard-api
        sourceRevisionDigest: sha256:100ec337d79d945c4e71e03b000c674863648462ba2f1d06942161ab7efc1418
        sourceBlobDigest: sha256:ce06b2b5022feed59ad3d5e5960325bfeabd710a176040ad77af49c490f53f64
        tags:
            - latest
            - 0.1.0
targets:
    steuerboard:
        source: Steuerboard API
        sourceNamespace: steuerboard-api
        sourceRevisionDigest: sha256:100ec337d79d945c4e71e03b000c674863648462ba2f1d06942161ab7efc1418
        sourceBlobDigest: sha256:ce06b2b5022feed59ad3d5e5960325bfeabd710a176040ad77af49c490f53f64
workflow:
    workflowVersion: 1.0.0
    speakeasyVersion: latest
    sources:
        Steuerboard API:
            inputs:
                - location: https://api.steuerboard.com/v1/openapi
            output: .speakeasy/out.openapi.yaml
            registry:
                location: registry.speakeasyapi.dev/steuerboard-4kc/mcp/steuerboard-api
    targets:
        steuerboard:
            target: mcp-typescript
            source: Steuerboard API
            publish:
                npm:
                    token: $npm_token
