speakeasyVersion: 1.794.1
sources:
    Steuerboard API:
        sourceNamespace: steuerboard-api
        sourceRevisionDigest: sha256:ffee85ac4e221dceb8ccd513c08a945bb082c771ba25e22025c4c9109f4ad9e6
        sourceBlobDigest: sha256:77d07a05d0adfd74e55e76f561fc2d59781bcb8ae8b74cdf71d89bb3f4566cc0
        tags:
            - latest
            - 0.1.0
targets:
    steuerboard:
        source: Steuerboard API
        sourceNamespace: steuerboard-api
        sourceRevisionDigest: sha256:ffee85ac4e221dceb8ccd513c08a945bb082c771ba25e22025c4c9109f4ad9e6
        sourceBlobDigest: sha256:77d07a05d0adfd74e55e76f561fc2d59781bcb8ae8b74cdf71d89bb3f4566cc0
workflow:
    workflowVersion: 1.0.0
    speakeasyVersion: latest
    sources:
        Steuerboard API:
            inputs:
                - location: https://api.steuerboard.com/v1/openapi
            output: .speakeasy/out.openapi.yaml
            registry:
                location: registry.speakeasyapi.dev/steuerboard-4kc/mcp/steuerboard-api
    targets:
        steuerboard:
            target: mcp-typescript
            source: Steuerboard API
            publish:
                npm:
                    token: $npm_token
