speakeasyVersion: 1.622.1
sources:
    Steuerboard API:
        sourceNamespace: steuerboard-api
        sourceRevisionDigest: sha256:db6f075c2d21ce362613dbff748fcf0ab37703d3417471d58be37636ae930b24
        sourceBlobDigest: sha256:57d16c2285acec48f79cbb4a947dcb453b2d4311fa4f83cbecdd78e2add1ce57
        tags:
            - latest
            - speakeasy-sdk-regen-1758240680
            - 0.1.0
targets:
    steuerboard:
        source: Steuerboard API
        sourceNamespace: steuerboard-api
        sourceRevisionDigest: sha256:db6f075c2d21ce362613dbff748fcf0ab37703d3417471d58be37636ae930b24
        sourceBlobDigest: sha256:57d16c2285acec48f79cbb4a947dcb453b2d4311fa4f83cbecdd78e2add1ce57
workflow:
    workflowVersion: 1.0.0
    speakeasyVersion: latest
    sources:
        Steuerboard API:
            inputs:
                - location: https://api.steuerboard.com/v1/openapi
            output: .speakeasy/out.openapi.yaml
            registry:
                location: registry.speakeasyapi.dev/steuerboard-4kc/mcp/steuerboard-api
    targets:
        steuerboard:
            target: mcp-typescript
            source: Steuerboard API
            publish:
                npm:
                    token: $npm_token
